
Microsoft Visual Studio Solution File, Format Version 12.00
# Visual Studio 15
Project("{FAE04EC0-301F-11D3-BF4B-00C04F79EFBC}") = "Unity.XR.Interaction.Toolkit.Samples.StarterAssets", "Unity.XR.Interaction.Toolkit.Samples.StarterAssets.csproj", "{38D1A359-B587-1A34-8AE8-FDC1BC5EEECE}"
EndProject
Project("{FAE04EC0-301F-11D3-BF4B-00C04F79EFBC}") = "Unity.XR.Interaction.Toolkit.Samples.Hands", "Unity.XR.Interaction.Toolkit.Samples.Hands.csproj", "{5944A74A-1830-F4AB-AE07-B88296FB8FEF}"
EndProject
Project("{FAE04EC0-301F-11D3-BF4B-00C04F79EFBC}") = "Assembly-CSharp", "Assembly-CSharp.csproj", "{99FBB375-E610-8EF1-2A06-AA6334D5F81E}"
EndProject
Project("{FAE04EC0-301F-11D3-BF4B-00C04F79EFBC}") = "Unity.XR.Interaction.Toolkit.Samples.StarterAssets.Editor", "Unity.XR.Interaction.Toolkit.Samples.StarterAssets.Editor.csproj", "{B5EDC980-C7C4-3B91-B0AA-F18D32EF8E0E}"
EndProject
Project("{FAE04EC0-301F-11D3-BF4B-00C04F79EFBC}") = "Unity.XR.Hands.Samples.VisualizerSample", "Unity.XR.Hands.Samples.VisualizerSample.csproj", "{6729E853-DEE8-68A9-7CA3-01A52E214130}"
EndProject
Project("{FAE04EC0-301F-11D3-BF4B-00C04F79EFBC}") = "Unity.XR.Interaction.Toolkit.Samples.Hands.Editor", "Unity.XR.Interaction.Toolkit.Samples.Hands.Editor.csproj", "{1B7FC00A-8631-47F4-66A4-829FFC4C7C24}"
EndProject
Global
	GlobalSection(SolutionConfigurationPlatforms) = preSolution
		Debug|Any CPU = Debug|Any CPU
		Release|Any CPU = Release|Any CPU
	EndGlobalSection
	GlobalSection(ProjectConfigurationPlatforms) = postSolution
		{38D1A359-B587-1A34-8AE8-FDC1BC5EEECE}.Debug|Any CPU.ActiveCfg = Debug|Any CPU
		{38D1A359-B587-1A34-8AE8-FDC1BC5EEECE}.Debug|Any CPU.Build.0 = Debug|Any CPU
		{38D1A359-B587-1A34-8AE8-FDC1BC5EEECE}.Release|Any CPU.ActiveCfg = Release|Any CPU
		{38D1A359-B587-1A34-8AE8-FDC1BC5EEECE}.Release|Any CPU.Build.0 = Release|Any CPU
		{5944A74A-1830-F4AB-AE07-B88296FB8FEF}.Debug|Any CPU.ActiveCfg = Debug|Any CPU
		{5944A74A-1830-F4AB-AE07-B88296FB8FEF}.Debug|Any CPU.Build.0 = Debug|Any CPU
		{5944A74A-1830-F4AB-AE07-B88296FB8FEF}.Release|Any CPU.ActiveCfg = Release|Any CPU
		{5944A74A-1830-F4AB-AE07-B88296FB8FEF}.Release|Any CPU.Build.0 = Release|Any CPU
		{99FBB375-E610-8EF1-2A06-AA6334D5F81E}.Debug|Any CPU.ActiveCfg = Debug|Any CPU
		{99FBB375-E610-8EF1-2A06-AA6334D5F81E}.Debug|Any CPU.Build.0 = Debug|Any CPU
		{99FBB375-E610-8EF1-2A06-AA6334D5F81E}.Release|Any CPU.ActiveCfg = Release|Any CPU
		{99FBB375-E610-8EF1-2A06-AA6334D5F81E}.Release|Any CPU.Build.0 = Release|Any CPU
		{B5EDC980-C7C4-3B91-B0AA-F18D32EF8E0E}.Debug|Any CPU.ActiveCfg = Debug|Any CPU
		{B5EDC980-C7C4-3B91-B0AA-F18D32EF8E0E}.Debug|Any CPU.Build.0 = Debug|Any CPU
		{B5EDC980-C7C4-3B91-B0AA-F18D32EF8E0E}.Release|Any CPU.ActiveCfg = Release|Any CPU
		{B5EDC980-C7C4-3B91-B0AA-F18D32EF8E0E}.Release|Any CPU.Build.0 = Release|Any CPU
		{6729E853-DEE8-68A9-7CA3-01A52E214130}.Debug|Any CPU.ActiveCfg = Debug|Any CPU
		{6729E853-DEE8-68A9-7CA3-01A52E214130}.Debug|Any CPU.Build.0 = Debug|Any CPU
		{6729E853-DEE8-68A9-7CA3-01A52E214130}.Release|Any CPU.ActiveCfg = Release|Any CPU
		{6729E853-DEE8-68A9-7CA3-01A52E214130}.Release|Any CPU.Build.0 = Release|Any CPU
		{1B7FC00A-8631-47F4-66A4-829FFC4C7C24}.Debug|Any CPU.ActiveCfg = Debug|Any CPU
		{1B7FC00A-8631-47F4-66A4-829FFC4C7C24}.Debug|Any CPU.Build.0 = Debug|Any CPU
		{1B7FC00A-8631-47F4-66A4-829FFC4C7C24}.Release|Any CPU.ActiveCfg = Release|Any CPU
		{1B7FC00A-8631-47F4-66A4-829FFC4C7C24}.Release|Any CPU.Build.0 = Release|Any CPU
	EndGlobalSection
	GlobalSection(SolutionProperties) = preSolution
		HideSolutionNode = FALSE
	EndGlobalSection
EndGlobal
